
Microsoft Visual Studio Solution File, Format Version 12.00
# Visual Studio Version 16
VisualStudioVersion = 16.0.29001.49
MinimumVisualStudioVersion = 10.0.40219.1
Project("{FAE04EC0-301F-11D3-BF4B-00C04F79EFBC}") = "BlogApp.WebUI", "BlogApp.WebUI\BlogApp.WebUI.csproj", "{5E718CDA-19EC-4619-9743-FB97D0DA9B26}"
EndProject
Project("{FAE04EC0-301F-11D3-BF4B-00C04F79EFBC}") = "BlogApp.Entity", "BlogApp.Entity\BlogApp.Entity.csproj", "{C840F687-8EDD-436F-8FFE-ECE670AD3EF7}"
EndProject
Project("{FAE04EC0-301F-11D3-BF4B-00C04F79EFBC}") = "BlogApp.Data", "BlogApp.Data\BlogApp.Data.csproj", "{EE35A528-53E8-4BD4-9963-9CA4B0FEB9EE}"
EndProject
Global
	GlobalSection(SolutionConfigurationPlatforms) = preSolution
		Debug|Any CPU = Debug|Any CPU
		Release|Any CPU = Release|Any CPU
	EndGlobalSection
	GlobalSection(ProjectConfigurationPlatforms) = postSolution
		{5E718CDA-19EC-4619-9743-FB97D0DA9B26}.Debug|Any CPU.ActiveCfg = Debug|Any CPU
		{5E718CDA-19EC-4619-9743-FB97D0DA9B26}.Debug|Any CPU.Build.0 = Debug|Any CPU
		{5E718CDA-19EC-4619-9743-FB97D0DA9B26}.Release|Any CPU.ActiveCfg = Release|Any CPU
		{5E718CDA-19EC-4619-9743-FB97D0DA9B26}.Release|Any CPU.Build.0 = Release|Any CPU
		{C840F687-8EDD-436F-8FFE-ECE670AD3EF7}.Debug|Any CPU.ActiveCfg = Debug|Any CPU
		{C840F687-8EDD-436F-8FFE-ECE670AD3EF7}.Debug|Any CPU.Build.0 = Debug|Any CPU
		{C840F687-8EDD-436F-8FFE-ECE670AD3EF7}.Release|Any CPU.ActiveCfg = Release|Any CPU
		{C840F687-8EDD-436F-8FFE-ECE670AD3EF7}.Release|Any CPU.Build.0 = Release|Any CPU
		{EE35A528-53E8-4BD4-9963-9CA4B0FEB9EE}.Debug|Any CPU.ActiveCfg = Debug|Any CPU
		{EE35A528-53E8-4BD4-9963-9CA4B0FEB9EE}.Debug|Any CPU.Build.0 = Debug|Any CPU
		{EE35A528-53E8-4BD4-9963-9CA4B0FEB9EE}.Release|Any CPU.ActiveCfg = Release|Any CPU
		{EE35A528-53E8-4BD4-9963-9CA4B0FEB9EE}.Release|Any CPU.Build.0 = Release|Any CPU
	EndGlobalSection
	GlobalSection(SolutionProperties) = preSolution
		HideSolutionNode = FALSE
	EndGlobalSection
	GlobalSection(ExtensibilityGlobals) = postSolution
		SolutionGuid = {6794B15A-4173-481C-BC07-2433524DF36E}
	EndGlobalSection
EndGlobal
